
Microsoft Visual Studio Solution File, Format Version 12.00
# Visual Studio Version 17
VisualStudioVersion = 17.0.31912.275
MinimumVisualStudioVersion = 10.0.40219.1
Project("{9A19103F-16F7-4668-BE54-9A1E7A4F7556}") = "Etudiants.API", "Etudiants.API\Etudiants.API.csproj", "{5F03605B-3ED2-4E3B-9483-B4237A5D656A}"
EndProject
Project("{FAE04EC0-301F-11D3-BF4B-00C04F79EFBC}") = "Etudiants.API.UnitTests", "Etudiants.API.UnitTests\Etudiants.API.UnitTests.csproj", "{4F133105-5C2F-4707-8EC9-F412C28B448E}"
EndProject
Global
	GlobalSection(SolutionConfigurationPlatforms) = preSolution
		Debug|Any CPU = Debug|Any CPU
		Release|Any CPU = Release|Any CPU
	EndGlobalSection
	GlobalSection(ProjectConfigurationPlatforms) = postSolution
		{5F03605B-3ED2-4E3B-9483-B4237A5D656A}.Debug|Any CPU.ActiveCfg = Debug|Any CPU
		{5F03605B-3ED2-4E3B-9483-B4237A5D656A}.Debug|Any CPU.Build.0 = Debug|Any CPU
		{5F03605B-3ED2-4E3B-9483-B4237A5D656A}.Release|Any CPU.ActiveCfg = Release|Any CPU
		{5F03605B-3ED2-4E3B-9483-B4237A5D656A}.Release|Any CPU.Build.0 = Release|Any CPU
		{4F133105-5C2F-4707-8EC9-F412C28B448E}.Debug|Any CPU.ActiveCfg = Debug|Any CPU
		{4F133105-5C2F-4707-8EC9-F412C28B448E}.Debug|Any CPU.Build.0 = Debug|Any CPU
		{4F133105-5C2F-4707-8EC9-F412C28B448E}.Release|Any CPU.ActiveCfg = Release|Any CPU
		{4F133105-5C2F-4707-8EC9-F412C28B448E}.Release|Any CPU.Build.0 = Release|Any CPU
	EndGlobalSection
	GlobalSection(SolutionProperties) = preSolution
		HideSolutionNode = FALSE
	EndGlobalSection
	GlobalSection(ExtensibilityGlobals) = postSolution
		SolutionGuid = {CCAAE131-B21D-4919-9722-13BAD31DE9B7}
	EndGlobalSection
EndGlobal
